// !$*UTF8*$!
{
	archiveVersion = 1;
	classes = {
	};
	objectVersion = 55;
	objects = {

/* Begin PBXBuildFile section */
		06B786582A01775000EFA46F /* RecipesSwiftUIApp.swift in Sources */ = {isa = PBXBuildFile; fileRef = 06B786572A01775000EFA46F /* RecipesSwiftUIApp.swift */; };
		06B7865A2A01775000EFA46F /* ContentView.swift in Sources */ = {isa = PBXBuildFile; fileRef = 06B786592A01775000EFA46F /* ContentView.swift */; };
		06B7865C2A01775F00EFA46F /* Assets.xcassets in Resources */ = {isa = PBXBuildFile; fileRef = 06B7865B2A01775F00EFA46F /* Assets.xcassets */; };
		06B7865F2A01775F00EFA46F /* Preview Assets.xcassets in Resources */ = {isa = PBXBuildFile; fileRef = 06B7865E2A01775F00EFA46F /* Preview Assets.xcassets */; };
		06B786692A01776000EFA46F /* RecipesSwiftUITests.swift in Sources */ = {isa = PBXBuildFile; fileRef = 06B786682A01776000EFA46F /* RecipesSwiftUITests.swift */; };
		06B786732A01776000EFA46F /* RecipesSwiftUIUITests.swift in Sources */ = {isa = PBXBuildFile; fileRef = 06B786722A01776000EFA46F /* RecipesSwiftUIUITests.swift */; };
		06B786752A01776000EFA46F /* RecipesSwiftUIUITestsLaunchTests.swift in Sources */ = {isa = PBXBuildFile; fileRef = 06B786742A01776000EFA46F /* RecipesSwiftUIUITestsLaunchTests.swift */; };
		06B786852A017C8600EFA46F /* SearchRecipesView.swift in Sources */ = {isa = PBXBuildFile; fileRef = 06B786842A017C8600EFA46F /* SearchRecipesView.swift */; };
		06B786872A017CE300EFA46F /* SearchRecipesViewModel.swift in Sources */ = {isa = PBXBuildFile; fileRef = 06B786862A017CE300EFA46F /* SearchRecipesViewModel.swift */; };
		06B786892A018AA700EFA46F /* RecipeDataModel.swift in Sources */ = {isa = PBXBuildFile; fileRef = 06B786882A018AA700EFA46F /* RecipeDataModel.swift */; };
		06B7868B2A0190E800EFA46F /* QueryRecipesView.swift in Sources */ = {isa = PBXBuildFile; fileRef = 06B7868A2A0190E800EFA46F /* QueryRecipesView.swift */; };
		06B7868D2A01917C00EFA46F /* QueryRecipesViewModel.swift in Sources */ = {isa = PBXBuildFile; fileRef = 06B7868C2A01917C00EFA46F /* QueryRecipesViewModel.swift */; };
		06B7868F2A01C93500EFA46F /* RecipeInfoDataModel.swift in Sources */ = {isa = PBXBuildFile; fileRef = 06B7868E2A01C93400EFA46F /* RecipeInfoDataModel.swift */; };
		06B786912A01DA0400EFA46F /* RecipeInformationView.swift in Sources */ = {isa = PBXBuildFile; fileRef = 06B786902A01DA0400EFA46F /* RecipeInformationView.swift */; };
		06B786932A01DA2000EFA46F /* RecipeInformationViewModel.swift in Sources */ = {isa = PBXBuildFile; fileRef = 06B786922A01DA2000EFA46F /* RecipeInformationViewModel.swift */; };
		06B786952A02D31200EFA46F /* SimilarRecipeDataModel.swift in Sources */ = {isa = PBXBuildFile; fileRef = 06B786942A02D31000EFA46F /* SimilarRecipeDataModel.swift */; };
		06B786972A02D42F00EFA46F /* SimilarRecipesView.swift in Sources */ = {isa = PBXBuildFile; fileRef = 06B786962A02D42F00EFA46F /* SimilarRecipesView.swift */; };
		06B786992A02D48700EFA46F /* SimilarRecipesViewModel.swift in Sources */ = {isa = PBXBuildFile; fileRef = 06B786982A02D48700EFA46F /* SimilarRecipesViewModel.swift */; };
		06B7869B2A02E68F00EFA46F /* IngredientsRecipesView.swift in Sources */ = {isa = PBXBuildFile; fileRef = 06B7869A2A02E68E00EFA46F /* IngredientsRecipesView.swift */; };
		06B7869D2A02E6B700EFA46F /* IngredientsRecipesViewModel.swift in Sources */ = {isa = PBXBuildFile; fileRef = 06B7869C2A02E6B700EFA46F /* IngredientsRecipesViewModel.swift */; };
		06B7869F2A03273200EFA46F /* SearchIngredientsView.swift in Sources */ = {isa = PBXBuildFile; fileRef = 06B7869E2A03273200EFA46F /* SearchIngredientsView.swift */; };
		06B786A12A03281A00EFA46F /* SearchIngredientsViewModel.swift in Sources */ = {isa = PBXBuildFile; fileRef = 06B786A02A03281A00EFA46F /* SearchIngredientsViewModel.swift */; };
		06B786A32A03E52E00EFA46F /* IngredientsDataModel.swift in Sources */ = {isa = PBXBuildFile; fileRef = 06B786A22A03E52E00EFA46F /* IngredientsDataModel.swift */; };
		06B786A52A03E64000EFA46F /* QueryIngredientsView.swift in Sources */ = {isa = PBXBuildFile; fileRef = 06B786A42A03E64000EFA46F /* QueryIngredientsView.swift */; };
		06B786A72A03E65F00EFA46F /* QueryIngredientsViewModel.swift in Sources */ = {isa = PBXBuildFile; fileRef = 06B786A62A03E65F00EFA46F /* QueryIngredientsViewModel.swift */; };
		06B786A92A03F19900EFA46F /* IngredientInfoDataModel.swift in Sources */ = {isa = PBXBuildFile; fileRef = 06B786A82A03F19900EFA46F /* IngredientInfoDataModel.swift */; };
		06B786AB2A03F2D700EFA46F /* IngredientInformationView.swift in Sources */ = {isa = PBXBuildFile; fileRef = 06B786AA2A03F2D700EFA46F /* IngredientInformationView.swift */; };
		06B786AD2A03F2EA00EFA46F /* IngredientInformationViewModel.swift in Sources */ = {isa = PBXBuildFile; fileRef = 06B786AC2A03F2EA00EFA46F /* IngredientInformationViewModel.swift */; };
		06B786AF2A041BAE00EFA46F /* IngredientSubstitutesDataModel.swift in Sources */ = {isa = PBXBuildFile; fileRef = 06B786AE2A041BAE00EFA46F /* IngredientSubstitutesDataModel.swift */; };
		06B786B12A041C4000EFA46F /* IngredientSubstitutesView.swift in Sources */ = {isa = PBXBuildFile; fileRef = 06B786B02A041C4000EFA46F /* IngredientSubstitutesView.swift */; };
		06B786B32A041C5900EFA46F /* IngredientSubstitutesViewModel.swift in Sources */ = {isa = PBXBuildFile; fileRef = 06B786B22A041C5900EFA46F /* IngredientSubstitutesViewModel.swift */; };
		06B786B52A04387000EFA46F /* AutoCompleteIngredientsView.swift in Sources */ = {isa = PBXBuildFile; fileRef = 06B786B42A04387000EFA46F /* AutoCompleteIngredientsView.swift */; };
		06B786B72A0438AA00EFA46F /* AutoCompleteIngredientsViewModel.swift in Sources */ = {isa = PBXBuildFile; fileRef = 06B786B62A0438AA00EFA46F /* AutoCompleteIngredientsViewModel.swift */; };
		06B786B92A04458000EFA46F /* SearchProductsView.swift in Sources */ = {isa = PBXBuildFile; fileRef = 06B786B82A04458000EFA46F /* SearchProductsView.swift */; };
		06B786BB2A0446FF00EFA46F /* SearchProductsViewModel.swift in Sources */ = {isa = PBXBuildFile; fileRef = 06B786BA2A0446FF00EFA46F /* SearchProductsViewModel.swift */; };
		06B786BD2A044AF000EFA46F /* ProudctsDataModel.swift in Sources */ = {isa = PBXBuildFile; fileRef = 06B786BC2A044AF000EFA46F /* ProudctsDataModel.swift */; };
		06B786BF2A044D6200EFA46F /* QueryProductsView.swift in Sources */ = {isa = PBXBuildFile; fileRef = 06B786BE2A044D6200EFA46F /* QueryProductsView.swift */; };
		06B786C12A044D7C00EFA46F /* QueryProductsViewModel.swift in Sources */ = {isa = PBXBuildFile; fileRef = 06B786C02A044D7C00EFA46F /* QueryProductsViewModel.swift */; };
		06B786C32A047CFF00EFA46F /* ProductInformationDataModel.swift in Sources */ = {isa = PBXBuildFile; fileRef = 06B786C22A047CFF00EFA46F /* ProductInformationDataModel.swift */; };
		06B786C52A04822800EFA46F /* ProductInformationView.swift in Sources */ = {isa = PBXBuildFile; fileRef = 06B786C42A04822800EFA46F /* ProductInformationView.swift */; };
		06B786C72A04824E00EFA46F /* ProductInformationViewModel.swift in Sources */ = {isa = PBXBuildFile; fileRef = 06B786C62A04824E00EFA46F /* ProductInformationViewModel.swift */; };
/* End PBXBuildFile section */

/* Begin PBXContainerItemProxy section */
		06B786652A01776000EFA46F /* PBXContainerItemProxy */ = {
			isa = PBXContainerItemProxy;
			containerPortal = 06B7864C2A01775000EFA46F /* Project object */;
			proxyType = 1;
			remoteGlobalIDString = 06B786532A01775000EFA46F;
			remoteInfo = RecipesSwiftUI;
		};
		06B7866F2A01776000EFA46F /* PBXContainerItemProxy */ = {
			isa = PBXContainerItemProxy;
			containerPortal = 06B7864C2A01775000EFA46F /* Project object */;
			proxyType = 1;
			remoteGlobalIDString = 06B786532A01775000EFA46F;
			remoteInfo = RecipesSwiftUI;
		};
/* End PBXContainerItemProxy section */

/* Begin PBXFileReference section */
		06B786542A01775000EFA46F /* RecipesSwiftUI.app */ = {isa = PBXFileReference; explicitFileType = wrapper.application; includeInIndex = 0; path = RecipesSwiftUI.app; sourceTree = BUILT_PRODUCTS_DIR; };
		06B786572A01775000EFA46F /* RecipesSwiftUIApp.swift */ = {isa = PBXFileReference; lastKnownFileType = sourcecode.swift; path = RecipesSwiftUIApp.swift; sourceTree = "<group>"; };
		06B786592A01775000EFA46F /* ContentView.swift */ = {isa = PBXFileReference; lastKnownFileType = sourcecode.swift; path = ContentView.swift; sourceTree = "<group>"; };
		06B7865B2A01775F00EFA46F /* Assets.xcassets */ = {isa = PBXFileReference; lastKnownFileType = folder.assetcatalog; path = Assets.xcassets; sourceTree = "<group>"; };
		06B7865E2A01775F00EFA46F /* Preview Assets.xcassets */ = {isa = PBXFileReference; lastKnownFileType = folder.assetcatalog; path = "Preview Assets.xcassets"; sourceTree = "<group>"; };
		06B786642A01776000EFA46F /* RecipesSwiftUITests.xctest */ = {isa = PBXFileReference; explicitFileType = wrapper.cfbundle; includeInIndex = 0; path = RecipesSwiftUITests.xctest; sourceTree = BUILT_PRODUCTS_DIR; };
		06B786682A01776000EFA46F /* RecipesSwiftUITests.swift */ = {isa = PBXFileReference; lastKnownFileType = sourcecode.swift; path = RecipesSwiftUITests.swift; sourceTree = "<group>"; };
		06B7866E2A01776000EFA46F /* RecipesSwiftUIUITests.xctest */ = {isa = PBXFileReference; explicitFileType = wrapper.cfbundle; includeInIndex = 0; path = RecipesSwiftUIUITests.xctest; sourceTree = BUILT_PRODUCTS_DIR; };
		06B786722A01776000EFA46F /* RecipesSwiftUIUITests.swift */ = {isa = PBXFileReference; lastKnownFileType = sourcecode.swift; path = RecipesSwiftUIUITests.swift; sourceTree = "<group>"; };
		06B786742A01776000EFA46F /* RecipesSwiftUIUITestsLaunchTests.swift */ = {isa = PBXFileReference; lastKnownFileType = sourcecode.swift; path = RecipesSwiftUIUITestsLaunchTests.swift; sourceTree = "<group>"; };
		06B786842A017C8600EFA46F /* SearchRecipesView.swift */ = {isa = PBXFileReference; lastKnownFileType = sourcecode.swift; path = SearchRecipesView.swift; sourceTree = "<group>"; };
		06B786862A017CE300EFA46F /* SearchRecipesViewModel.swift */ = {isa = PBXFileReference; lastKnownFileType = sourcecode.swift; path = SearchRecipesViewModel.swift; sourceTree = "<group>"; };
		06B786882A018AA700EFA46F /* RecipeDataModel.swift */ = {isa = PBXFileReference; lastKnownFileType = sourcecode.swift; path = RecipeDataModel.swift; sourceTree = "<group>"; };
		06B7868A2A0190E800EFA46F /* QueryRecipesView.swift */ = {isa = PBXFileReference; lastKnownFileType = sourcecode.swift; path = QueryRecipesView.swift; sourceTree = "<group>"; };
		06B7868C2A01917C00EFA46F /* QueryRecipesViewModel.swift */ = {isa = PBXFileReference; lastKnownFileType = sourcecode.swift; path = QueryRecipesViewModel.swift; sourceTree = "<group>"; };
		06B7868E2A01C93400EFA46F /* RecipeInfoDataModel.swift */ = {isa = PBXFileReference; lastKnownFileType = sourcecode.swift; path = RecipeInfoDataModel.swift; sourceTree = "<group>"; };
		06B786902A01DA0400EFA46F /* RecipeInformationView.swift */ = {isa = PBXFileReference; lastKnownFileType = sourcecode.swift; path = RecipeInformationView.swift; sourceTree = "<group>"; };
		06B786922A01DA2000EFA46F /* RecipeInformationViewModel.swift */ = {isa = PBXFileReference; lastKnownFileType = sourcecode.swift; path = RecipeInformationViewModel.swift; sourceTree = "<group>"; };
		06B786942A02D31000EFA46F /* SimilarRecipeDataModel.swift */ = {isa = PBXFileReference; lastKnownFileType = sourcecode.swift; path = SimilarRecipeDataModel.swift; sourceTree = "<group>"; };
		06B786962A02D42F00EFA46F /* SimilarRecipesView.swift */ = {isa = PBXFileReference; lastKnownFileType = sourcecode.swift; path = SimilarRecipesView.swift; sourceTree = "<group>"; };
		06B786982A02D48700EFA46F /* SimilarRecipesViewModel.swift */ = {isa = PBXFileReference; lastKnownFileType = sourcecode.swift; path = SimilarRecipesViewModel.swift; sourceTree = "<group>"; };
		06B7869A2A02E68E00EFA46F /* IngredientsRecipesView.swift */ = {isa = PBXFileReference; lastKnownFileType = sourcecode.swift; path = IngredientsRecipesView.swift; sourceTree = "<group>"; };
		06B7869C2A02E6B700EFA46F /* IngredientsRecipesViewModel.swift */ = {isa = PBXFileReference; lastKnownFileType = sourcecode.swift; path = IngredientsRecipesViewModel.swift; sourceTree = "<group>"; };
		06B7869E2A03273200EFA46F /* SearchIngredientsView.swift */ = {isa = PBXFileReference; lastKnownFileType = sourcecode.swift; path = SearchIngredientsView.swift; sourceTree = "<group>"; };
		06B786A02A03281A00EFA46F /* SearchIngredientsViewModel.swift */ = {isa = PBXFileReference; lastKnownFileType = sourcecode.swift; path = SearchIngredientsViewModel.swift; sourceTree = "<group>"; };
		06B786A22A03E52E00EFA46F /* IngredientsDataModel.swift */ = {isa = PBXFileReference; lastKnownFileType = sourcecode.swift; path = IngredientsDataModel.swift; sourceTree = "<group>"; };
		06B786A42A03E64000EFA46F /* QueryIngredientsView.swift */ = {isa = PBXFileReference; lastKnownFileType = sourcecode.swift; path = QueryIngredientsView.swift; sourceTree = "<group>"; };
		06B786A62A03E65F00EFA46F /* QueryIngredientsViewModel.swift */ = {isa = PBXFileReference; lastKnownFileType = sourcecode.swift; path = QueryIngredientsViewModel.swift; sourceTree = "<group>"; };
		06B786A82A03F19900EFA46F /* IngredientInfoDataModel.swift */ = {isa = PBXFileReference; lastKnownFileType = sourcecode.swift; path = IngredientInfoDataModel.swift; sourceTree = "<group>"; };
		06B786AA2A03F2D700EFA46F /* IngredientInformationView.swift */ = {isa = PBXFileReference; lastKnownFileType = sourcecode.swift; path = IngredientInformationView.swift; sourceTree = "<group>"; };
		06B786AC2A03F2EA00EFA46F /* IngredientInformationViewModel.swift */ = {isa = PBXFileReference; lastKnownFileType = sourcecode.swift; path = IngredientInformationViewModel.swift; sourceTree = "<group>"; };
		06B786AE2A041BAE00EFA46F /* IngredientSubstitutesDataModel.swift */ = {isa = PBXFileReference; lastKnownFileType = sourcecode.swift; path = IngredientSubstitutesDataModel.swift; sourceTree = "<group>"; };
		06B786B02A041C4000EFA46F /* IngredientSubstitutesView.swift */ = {isa = PBXFileReference; lastKnownFileType = sourcecode.swift; path = IngredientSubstitutesView.swift; sourceTree = "<group>"; };
		06B786B22A041C5900EFA46F /* IngredientSubstitutesViewModel.swift */ = {isa = PBXFileReference; lastKnownFileType = sourcecode.swift; path = IngredientSubstitutesViewModel.swift; sourceTree = "<group>"; };
		06B786B42A04387000EFA46F /* AutoCompleteIngredientsView.swift */ = {isa = PBXFileReference; lastKnownFileType = sourcecode.swift; path = AutoCompleteIngredientsView.swift; sourceTree = "<group>"; };
		06B786B62A0438AA00EFA46F /* AutoCompleteIngredientsViewModel.swift */ = {isa = PBXFileReference; lastKnownFileType = sourcecode.swift; path = AutoCompleteIngredientsViewModel.swift; sourceTree = "<group>"; };
		06B786B82A04458000EFA46F /* SearchProductsView.swift */ = {isa = PBXFileReference; lastKnownFileType = sourcecode.swift; path = SearchProductsView.swift; sourceTree = "<group>"; };
		06B786BA2A0446FF00EFA46F /* SearchProductsViewModel.swift */ = {isa = PBXFileReference; lastKnownFileType = sourcecode.swift; path = SearchProductsViewModel.swift; sourceTree = "<group>"; };
		06B786BC2A044AF000EFA46F /* ProudctsDataModel.swift */ = {isa = PBXFileReference; lastKnownFileType = sourcecode.swift; path = ProudctsDataModel.swift; sourceTree = "<group>"; };
		06B786BE2A044D6200EFA46F /* QueryProductsView.swift */ = {isa = PBXFileReference; lastKnownFileType = sourcecode.swift; path = QueryProductsView.swift; sourceTree = "<group>"; };
		06B786C02A044D7C00EFA46F /* QueryProductsViewModel.swift */ = {isa = PBXFileReference; lastKnownFileType = sourcecode.swift; path = QueryProductsViewModel.swift; sourceTree = "<group>"; };
		06B786C22A047CFF00EFA46F /* ProductInformationDataModel.swift */ = {isa = PBXFileReference; lastKnownFileType = sourcecode.swift; path = ProductInformationDataModel.swift; sourceTree = "<group>"; };
		06B786C42A04822800EFA46F /* ProductInformationView.swift */ = {isa = PBXFileReference; lastKnownFileType = sourcecode.swift; path = ProductInformationView.swift; sourceTree = "<group>"; };
		06B786C62A04824E00EFA46F /* ProductInformationViewModel.swift */ = {isa = PBXFileReference; lastKnownFileType = sourcecode.swift; path = ProductInformationViewModel.swift; sourceTree = "<group>"; };
/* End PBXFileReference section */

/* Begin PBXFrameworksBuildPhase section */
		06B786512A01775000EFA46F /* Frameworks */ = {
			isa = PBXFrameworksBuildPhase;
			buildActionMask = 2147483647;
			files = (
			);
			runOnlyForDeploymentPostprocessing = 0;
		};
		06B786612A01776000EFA46F /* Frameworks */ = {
			isa = PBXFrameworksBuildPhase;
			buildActionMask = 2147483647;
			files = (
			);
			runOnlyForDeploymentPostprocessing = 0;
		};
		06B7866B2A01776000EFA46F /* Frameworks */ = {
			isa = PBXFrameworksBuildPhase;
			buildActionMask = 2147483647;
			files = (
			);
			runOnlyForDeploymentPostprocessing = 0;
		};
/* End PBXFrameworksBuildPhase section */

/* Begin PBXGroup section */
		06B7864B2A01775000EFA46F = {
			isa = PBXGroup;
			children = (
				06B786562A01775000EFA46F /* RecipesSwiftUI */,
				06B786672A01776000EFA46F /* RecipesSwiftUITests */,
				06B786712A01776000EFA46F /* RecipesSwiftUIUITests */,
				06B786552A01775000EFA46F /* Products */,
			);
			sourceTree = "<group>";
		};
		06B786552A01775000EFA46F /* Products */ = {
			isa = PBXGroup;
			children = (
				06B786542A01775000EFA46F /* RecipesSwiftUI.app */,
				06B786642A01776000EFA46F /* RecipesSwiftUITests.xctest */,
				06B7866E2A01776000EFA46F /* RecipesSwiftUIUITests.xctest */,
			);
			name = Products;
			sourceTree = "<group>";
		};
		06B786562A01775000EFA46F /* RecipesSwiftUI */ = {
			isa = PBXGroup;
			children = (
				06B786812A017B8600EFA46F /* Model */,
				06B786822A017B9300EFA46F /* View */,
				06B786832A017BA800EFA46F /* View Model */,
				06B786572A01775000EFA46F /* RecipesSwiftUIApp.swift */,
				06B7865B2A01775F00EFA46F /* Assets.xcassets */,
				06B7865D2A01775F00EFA46F /* Preview Content */,
			);
			path = RecipesSwiftUI;
			sourceTree = "<group>";
		};
		06B7865D2A01775F00EFA46F /* Preview Content */ = {
			isa = PBXGroup;
			children = (
				06B7865E2A01775F00EFA46F /* Preview Assets.xcassets */,
			);
			path = "Preview Content";
			sourceTree = "<group>";
		};
		06B786672A01776000EFA46F /* RecipesSwiftUITests */ = {
			isa = PBXGroup;
			children = (
				06B786682A01776000EFA46F /* RecipesSwiftUITests.swift */,
			);
			path = RecipesSwiftUITests;
			sourceTree = "<group>";
		};
		06B786712A01776000EFA46F /* RecipesSwiftUIUITests */ = {
			isa = PBXGroup;
			children = (
				06B786722A01776000EFA46F /* RecipesSwiftUIUITests.swift */,
				06B786742A01776000EFA46F /* RecipesSwiftUIUITestsLaunchTests.swift */,
			);
			path = RecipesSwiftUIUITests;
			sourceTree = "<group>";
		};
		06B786812A017B8600EFA46F /* Model */ = {
			isa = PBXGroup;
			children = (
				06B786882A018AA700EFA46F /* RecipeDataModel.swift */,
				06B7868E2A01C93400EFA46F /* RecipeInfoDataModel.swift */,
				06B786942A02D31000EFA46F /* SimilarRecipeDataModel.swift */,
				06B786A22A03E52E00EFA46F /* IngredientsDataModel.swift */,
				06B786A82A03F19900EFA46F /* IngredientInfoDataModel.swift */,
				06B786AE2A041BAE00EFA46F /* IngredientSubstitutesDataModel.swift */,
				06B786BC2A044AF000EFA46F /* ProudctsDataModel.swift */,
				06B786C22A047CFF00EFA46F /* ProductInformationDataModel.swift */,
			);
			path = Model;
			sourceTree = "<group>";
		};
		06B786822A017B9300EFA46F /* View */ = {
			isa = PBXGroup;
			children = (
				06B786592A01775000EFA46F /* ContentView.swift */,
				06B786842A017C8600EFA46F /* SearchRecipesView.swift */,
				06B7868A2A0190E800EFA46F /* QueryRecipesView.swift */,
				06B786902A01DA0400EFA46F /* RecipeInformationView.swift */,
				06B786962A02D42F00EFA46F /* SimilarRecipesView.swift */,
				06B7869A2A02E68E00EFA46F /* IngredientsRecipesView.swift */,
				06B7869E2A03273200EFA46F /* SearchIngredientsView.swift */,
				06B786A42A03E64000EFA46F /* QueryIngredientsView.swift */,
				06B786AA2A03F2D700EFA46F /* IngredientInformationView.swift */,
				06B786B02A041C4000EFA46F /* IngredientSubstitutesView.swift */,
				06B786B42A04387000EFA46F /* AutoCompleteIngredientsView.swift */,
				06B786B82A04458000EFA46F /* SearchProductsView.swift */,
				06B786BE2A044D6200EFA46F /* QueryProductsView.swift */,
				06B786C42A04822800EFA46F /* ProductInformationView.swift */,
			);
			path = View;
			sourceTree = "<group>";
		};
		06B786832A017BA800EFA46F /* View Model */ = {
			isa = PBXGroup;
			children = (
				06B786862A017CE300EFA46F /* SearchRecipesViewModel.swift */,
				06B7868C2A01917C00EFA46F /* QueryRecipesViewModel.swift */,
				06B786922A01DA2000EFA46F /* RecipeInformationViewModel.swift */,
				06B786982A02D48700EFA46F /* SimilarRecipesViewModel.swift */,
				06B7869C2A02E6B700EFA46F /* IngredientsRecipesViewModel.swift */,
				06B786A02A03281A00EFA46F /* SearchIngredientsViewModel.swift */,
				06B786A62A03E65F00EFA46F /* QueryIngredientsViewModel.swift */,
				06B786AC2A03F2EA00EFA46F /* IngredientInformationViewModel.swift */,
				06B786B22A041C5900EFA46F /* IngredientSubstitutesViewModel.swift */,
				06B786B62A0438AA00EFA46F /* AutoCompleteIngredientsViewModel.swift */,
				06B786BA2A0446FF00EFA46F /* SearchProductsViewModel.swift */,
				06B786C02A044D7C00EFA46F /* QueryProductsViewModel.swift */,
				06B786C62A04824E00EFA46F /* ProductInformationViewModel.swift */,
			);
			path = "View Model";
			sourceTree = "<group>";
		};
/* End PBXGroup section */

/* Begin PBXNativeTarget section */
		06B786532A01775000EFA46F /* RecipesSwiftUI */ = {
			isa = PBXNativeTarget;
			buildConfigurationList = 06B786782A01776000EFA46F /* Build configuration list for PBXNativeTarget "RecipesSwiftUI" */;
			buildPhases = (
				06B786502A01775000EFA46F /* Sources */,
				06B786512A01775000EFA46F /* Frameworks */,
				06B786522A01775000EFA46F /* Resources */,
			);
			buildRules = (
			);
			dependencies = (
			);
			name = RecipesSwiftUI;
			productName = RecipesSwiftUI;
			productReference = 06B786542A01775000EFA46F /* RecipesSwiftUI.app */;
			productType = "com.apple.product-type.application";
		};
		06B786632A01776000EFA46F /* RecipesSwiftUITests */ = {
			isa = PBXNativeTarget;
			buildConfigurationList = 06B7867B2A01776000EFA46F /* Build configuration list for PBXNativeTarget "RecipesSwiftUITests" */;
			buildPhases = (
				06B786602A01776000EFA46F /* Sources */,
				06B786612A01776000EFA46F /* Frameworks */,
				06B786622A01776000EFA46F /* Resources */,
			);
			buildRules = (
			);
			dependencies = (
				06B786662A01776000EFA46F /* PBXTargetDependency */,
			);
			name = RecipesSwiftUITests;
			productName = RecipesSwiftUITests;
			productReference = 06B786642A01776000EFA46F /* RecipesSwiftUITests.xctest */;
			productType = "com.apple.product-type.bundle.unit-test";
		};
		06B7866D2A01776000EFA46F /* RecipesSwiftUIUITests */ = {
			isa = PBXNativeTarget;
			buildConfigurationList = 06B7867E2A01776000EFA46F /* Build configuration list for PBXNativeTarget "RecipesSwiftUIUITests" */;
			buildPhases = (
				06B7866A2A01776000EFA46F /* Sources */,
				06B7866B2A01776000EFA46F /* Frameworks */,
				06B7866C2A01776000EFA46F /* Resources */,
			);
			buildRules = (
			);
			dependencies = (
				06B786702A01776000EFA46F /* PBXTargetDependency */,
			);
			name = RecipesSwiftUIUITests;
			productName = RecipesSwiftUIUITests;
			productReference = 06B7866E2A01776000EFA46F /* RecipesSwiftUIUITests.xctest */;
			productType = "com.apple.product-type.bundle.ui-testing";
		};
/* End PBXNativeTarget section */

/* Begin PBXProject section */
		06B7864C2A01775000EFA46F /* Project object */ = {
			isa = PBXProject;
			attributes = {
				BuildIndependentTargetsInParallel = 1;
				LastSwiftUpdateCheck = 1320;
				LastUpgradeCheck = 1320;
				TargetAttributes = {
					06B786532A01775000EFA46F = {
						CreatedOnToolsVersion = 13.2.1;
					};
					06B786632A01776000EFA46F = {
						CreatedOnToolsVersion = 13.2.1;
						TestTargetID = 06B786532A01775000EFA46F;
					};
					06B7866D2A01776000EFA46F = {
						CreatedOnToolsVersion = 13.2.1;
						TestTargetID = 06B786532A01775000EFA46F;
					};
				};
			};
			buildConfigurationList = 06B7864F2A01775000EFA46F /* Build configuration list for PBXProject "RecipesSwiftUI" */;
			compatibilityVersion = "Xcode 13.0";
			developmentRegion = en;
			hasScannedForEncodings = 0;
			knownRegions = (
				en,
				Base,
			);
			mainGroup = 06B7864B2A01775000EFA46F;
			productRefGroup = 06B786552A01775000EFA46F /* Products */;
			projectDirPath = "";
			projectRoot = "";
			targets = (
				06B786532A01775000EFA46F /* RecipesSwiftUI */,
				06B786632A01776000EFA46F /* RecipesSwiftUITests */,
				06B7866D2A01776000EFA46F /* RecipesSwiftUIUITests */,
			);
		};
/* End PBXProject section */

/* Begin PBXResourcesBuildPhase section */
		06B786522A01775000EFA46F /* Resources */ = {
			isa = PBXResourcesBuildPhase;
			buildActionMask = 2147483647;
			files = (
				06B7865F2A01775F00EFA46F /* Preview Assets.xcassets in Resources */,
				06B7865C2A01775F00EFA46F /* Assets.xcassets in Resources */,
			);
			runOnlyForDeploymentPostprocessing = 0;
		};
		06B786622A01776000EFA46F /* Resources */ = {
			isa = PBXResourcesBuildPhase;
			buildActionMask = 2147483647;
			files = (
			);
			runOnlyForDeploymentPostprocessing = 0;
		};
		06B7866C2A01776000EFA46F /* Resources */ = {
			isa = PBXResourcesBuildPhase;
			buildActionMask = 2147483647;
			files = (
			);
			runOnlyForDeploymentPostprocessing = 0;
		};
/* End PBXResourcesBuildPhase section */

/* Begin PBXSourcesBuildPhase section */
		06B786502A01775000EFA46F /* Sources */ = {
			isa = PBXSourcesBuildPhase;
			buildActionMask = 2147483647;
			files = (
				06B786872A017CE300EFA46F /* SearchRecipesViewModel.swift in Sources */,
				06B786C12A044D7C00EFA46F /* QueryProductsViewModel.swift in Sources */,
				06B786B92A04458000EFA46F /* SearchProductsView.swift in Sources */,
				06B7868B2A0190E800EFA46F /* QueryRecipesView.swift in Sources */,
				06B786A32A03E52E00EFA46F /* IngredientsDataModel.swift in Sources */,
				06B786B52A04387000EFA46F /* AutoCompleteIngredientsView.swift in Sources */,
				06B7865A2A01775000EFA46F /* ContentView.swift in Sources */,
				06B786AD2A03F2EA00EFA46F /* IngredientInformationViewModel.swift in Sources */,
				06B786A92A03F19900EFA46F /* IngredientInfoDataModel.swift in Sources */,
				06B7869F2A03273200EFA46F /* SearchIngredientsView.swift in Sources */,
				06B786A12A03281A00EFA46F /* SearchIngredientsViewModel.swift in Sources */,
				06B786992A02D48700EFA46F /* SimilarRecipesViewModel.swift in Sources */,
				06B7868F2A01C93500EFA46F /* RecipeInfoDataModel.swift in Sources */,
				06B786B72A0438AA00EFA46F /* AutoCompleteIngredientsViewModel.swift in Sources */,
				06B786C52A04822800EFA46F /* ProductInformationView.swift in Sources */,
				06B786AF2A041BAE00EFA46F /* IngredientSubstitutesDataModel.swift in Sources */,
				06B786BD2A044AF000EFA46F /* ProudctsDataModel.swift in Sources */,
				06B786A72A03E65F00EFA46F /* QueryIngredientsViewModel.swift in Sources */,
				06B7869B2A02E68F00EFA46F /* IngredientsRecipesView.swift in Sources */,
				06B786C32A047CFF00EFA46F /* ProductInformationDataModel.swift in Sources */,
				06B786952A02D31200EFA46F /* SimilarRecipeDataModel.swift in Sources */,
				06B786582A01775000EFA46F /* RecipesSwiftUIApp.swift in Sources */,
				06B786972A02D42F00EFA46F /* SimilarRecipesView.swift in Sources */,
				06B786AB2A03F2D700EFA46F /* IngredientInformationView.swift in Sources */,
				06B7868D2A01917C00EFA46F /* QueryRecipesViewModel.swift in Sources */,
				06B786932A01DA2000EFA46F /* RecipeInformationViewModel.swift in Sources */,
				06B786BF2A044D6200EFA46F /* QueryProductsView.swift in Sources */,
				06B786912A01DA0400EFA46F /* RecipeInformationView.swift in Sources */,
				06B786852A017C8600EFA46F /* SearchRecipesView.swift in Sources */,
				06B786892A018AA700EFA46F /* RecipeDataModel.swift in Sources */,
				06B786B12A041C4000EFA46F /* IngredientSubstitutesView.swift in Sources */,
				06B786A52A03E64000EFA46F /* QueryIngredientsView.swift in Sources */,
				06B7869D2A02E6B700EFA46F /* IngredientsRecipesViewModel.swift in Sources */,
				06B786C72A04824E00EFA46F /* ProductInformationViewModel.swift in Sources */,
				06B786BB2A0446FF00EFA46F /* SearchProductsViewModel.swift in Sources */,
				06B786B32A041C5900EFA46F /* IngredientSubstitutesViewModel.swift in Sources */,
			);
			runOnlyForDeploymentPostprocessing = 0;
		};
		06B786602A01776000EFA46F /* Sources */ = {
			isa = PBXSourcesBuildPhase;
			buildActionMask = 2147483647;
			files = (
				06B786692A01776000EFA46F /* RecipesSwiftUITests.swift in Sources */,
			);
			runOnlyForDeploymentPostprocessing = 0;
		};
		06B7866A2A01776000EFA46F /* Sources */ = {
			isa = PBXSourcesBuildPhase;
			buildActionMask = 2147483647;
			files = (
				06B786752A01776000EFA46F /* RecipesSwiftUIUITestsLaunchTests.swift in Sources */,
				06B786732A01776000EFA46F /* RecipesSwiftUIUITests.swift in Sources */,
			);
			runOnlyForDeploymentPostprocessing = 0;
		};
/* End PBXSourcesBuildPhase section */

/* Begin PBXTargetDependency section */
		06B786662A01776000EFA46F /* PBXTargetDependency */ = {
			isa = PBXTargetDependency;
			target = 06B786532A01775000EFA46F /* RecipesSwiftUI */;
			targetProxy = 06B786652A01776000EFA46F /* PBXContainerItemProxy */;
		};
		06B786702A01776000EFA46F /* PBXTargetDependency */ = {
			isa = PBXTargetDependency;
			target = 06B786532A01775000EFA46F /* RecipesSwiftUI */;
			targetProxy = 06B7866F2A01776000EFA46F /* PBXContainerItemProxy */;
		};
/* End PBXTargetDependency section */

/* Begin XCBuildConfiguration section */
		06B786762A01776000EFA46F /* Debug */ = {
			isa = XCBuildConfiguration;
			buildSettings = {
				ALWAYS_SEARCH_USER_PATHS = NO;
				CLANG_ANALYZER_NONNULL = YES;
				CLANG_ANALYZER_NUMBER_OBJECT_CONVERSION = YES_AGGRESSIVE;
				CLANG_CXX_LANGUAGE_STANDARD = "gnu++17";
				CLANG_CXX_LIBRARY = "libc++";
				CLANG_ENABLE_MODULES = YES;
				CLANG_ENABLE_OBJC_ARC = YES;
				CLANG_ENABLE_OBJC_WEAK = YES;
				CLANG_WARN_BLOCK_CAPTURE_AUTORELEASING = YES;
				CLANG_WARN_BOOL_CONVERSION = YES;
				CLANG_WARN_COMMA = YES;
				CLANG_WARN_CONSTANT_CONVERSION = YES;
				CLANG_WARN_DEPRECATED_OBJC_IMPLEMENTATIONS = YES;
				CLANG_WARN_DIRECT_OBJC_ISA_USAGE = YES_ERROR;
				CLANG_WARN_DOCUMENTATION_COMMENTS = YES;
				CLANG_WARN_EMPTY_BODY = YES;
				CLANG_WARN_ENUM_CONVERSION = YES;
				CLANG_WARN_INFINITE_RECURSION = YES;
				CLANG_WARN_INT_CONVERSION = YES;
				CLANG_WARN_NON_LITERAL_NULL_CONVERSION = YES;
				CLANG_WARN_OBJC_IMPLICIT_RETAIN_SELF = YES;
				CLANG_WARN_OBJC_LITERAL_CONVERSION = YES;
				CLANG_WARN_OBJC_ROOT_CLASS = YES_ERROR;
				CLANG_WARN_QUOTED_INCLUDE_IN_FRAMEWORK_HEADER = YES;
				CLANG_WARN_RANGE_LOOP_ANALYSIS = YES;
				CLANG_WARN_STRICT_PROTOTYPES = YES;
				CLANG_WARN_SUSPICIOUS_MOVE = YES;
				CLANG_WARN_UNGUARDED_AVAILABILITY = YES_AGGRESSIVE;
				CLANG_WARN_UNREACHABLE_CODE = YES;
				CLANG_WARN__DUPLICATE_METHOD_MATCH = YES;
				COPY_PHASE_STRIP = NO;
				DEBUG_INFORMATION_FORMAT = dwarf;
				ENABLE_STRICT_OBJC_MSGSEND = YES;
				ENABLE_TESTABILITY = YES;
				GCC_C_LANGUAGE_STANDARD = gnu11;
				GCC_DYNAMIC_NO_PIC = NO;
				GCC_NO_COMMON_BLOCKS = YES;
				GCC_OPTIMIZATION_LEVEL = 0;
				GCC_PREPROCESSOR_DEFINITIONS = (
					"DEBUG=1",
					"$(inherited)",
				);
				GCC_WARN_64_TO_32_BIT_CONVERSION = YES;
				GCC_WARN_ABOUT_RETURN_TYPE = YES_ERROR;
				GCC_WARN_UNDECLARED_SELECTOR = YES;
				GCC_WARN_UNINITIALIZED_AUTOS = YES_AGGRESSIVE;
				GCC_WARN_UNUSED_FUNCTION = YES;
				GCC_WARN_UNUSED_VARIABLE = YES;
				IPHONEOS_DEPLOYMENT_TARGET = 15.2;
				MTL_ENABLE_DEBUG_INFO = INCLUDE_SOURCE;
				MTL_FAST_MATH = YES;
				ONLY_ACTIVE_ARCH = YES;
				SDKROOT = iphoneos;
				SWIFT_ACTIVE_COMPILATION_CONDITIONS = DEBUG;
				SWIFT_OPTIMIZATION_LEVEL = "-Onone";
			};
			name = Debug;
		};
		06B786772A01776000EFA46F /* Release */ = {
			isa = XCBuildConfiguration;
			buildSettings = {
				ALWAYS_SEARCH_USER_PATHS = NO;
				CLANG_ANALYZER_NONNULL = YES;
				CLANG_ANALYZER_NUMBER_OBJECT_CONVERSION = YES_AGGRESSIVE;
				CLANG_CXX_LANGUAGE_STANDARD = "gnu++17";
				CLANG_CXX_LIBRARY = "libc++";
				CLANG_ENABLE_MODULES = YES;
				CLANG_ENABLE_OBJC_ARC = YES;
				CLANG_ENABLE_OBJC_WEAK = YES;
				CLANG_WARN_BLOCK_CAPTURE_AUTORELEASING = YES;
				CLANG_WARN_BOOL_CONVERSION = YES;
				CLANG_WARN_COMMA = YES;
				CLANG_WARN_CONSTANT_CONVERSION = YES;
				CLANG_WARN_DEPRECATED_OBJC_IMPLEMENTATIONS = YES;
				CLANG_WARN_DIRECT_OBJC_ISA_USAGE = YES_ERROR;
				CLANG_WARN_DOCUMENTATION_COMMENTS = YES;
				CLANG_WARN_EMPTY_BODY = YES;
				CLANG_WARN_ENUM_CONVERSION = YES;
				CLANG_WARN_INFINITE_RECURSION = YES;
				CLANG_WARN_INT_CONVERSION = YES;
				CLANG_WARN_NON_LITERAL_NULL_CONVERSION = YES;
				CLANG_WARN_OBJC_IMPLICIT_RETAIN_SELF = YES;
				CLANG_WARN_OBJC_LITERAL_CONVERSION = YES;
				CLANG_WARN_OBJC_ROOT_CLASS = YES_ERROR;
				CLANG_WARN_QUOTED_INCLUDE_IN_FRAMEWORK_HEADER = YES;
				CLANG_WARN_RANGE_LOOP_ANALYSIS = YES;
				CLANG_WARN_STRICT_PROTOTYPES = YES;
				CLANG_WARN_SUSPICIOUS_MOVE = YES;
				CLANG_WARN_UNGUARDED_AVAILABILITY = YES_AGGRESSIVE;
				CLANG_WARN_UNREACHABLE_CODE = YES;
				CLANG_WARN__DUPLICATE_METHOD_MATCH = YES;
				COPY_PHASE_STRIP = NO;
				DEBUG_INFORMATION_FORMAT = "dwarf-with-dsym";
				ENABLE_NS_ASSERTIONS = NO;
				ENABLE_STRICT_OBJC_MSGSEND = YES;
				GCC_C_LANGUAGE_STANDARD = gnu11;
				GCC_NO_COMMON_BLOCKS = YES;
				GCC_WARN_64_TO_32_BIT_CONVERSION = YES;
				GCC_WARN_ABOUT_RETURN_TYPE = YES_ERROR;
				GCC_WARN_UNDECLARED_SELECTOR = YES;
				GCC_WARN_UNINITIALIZED_AUTOS = YES_AGGRESSIVE;
				GCC_WARN_UNUSED_FUNCTION = YES;
				GCC_WARN_UNUSED_VARIABLE = YES;
				IPHONEOS_DEPLOYMENT_TARGET = 15.2;
				MTL_ENABLE_DEBUG_INFO = NO;
				MTL_FAST_MATH = YES;
				SDKROOT = iphoneos;
				SWIFT_COMPILATION_MODE = wholemodule;
				SWIFT_OPTIMIZATION_LEVEL = "-O";
				VALIDATE_PRODUCT = YES;
			};
			name = Release;
		};
		06B786792A01776000EFA46F /* Debug */ = {
			isa = XCBuildConfiguration;
			buildSettings = {
				ASSETCATALOG_COMPILER_APPICON_NAME = AppIcon;
				ASSETCATALOG_COMPILER_GLOBAL_ACCENT_COLOR_NAME = AccentColor;
				CODE_SIGN_STYLE = Automatic;
				CURRENT_PROJECT_VERSION = 1;
				DEVELOPMENT_ASSET_PATHS = "\"RecipesSwiftUI/Preview Content\"";
				DEVELOPMENT_TEAM = 9FGVTTM39Q;
				ENABLE_PREVIEWS = YES;
				GENERATE_INFOPLIST_FILE = YES;
				INFOPLIST_KEY_UIApplicationSceneManifest_Generation = YES;
				INFOPLIST_KEY_UIApplicationSupportsIndirectInputEvents = YES;
				INFOPLIST_KEY_UILaunchScreen_Generation = YES;
				INFOPLIST_KEY_UISupportedInterfaceOrientations_iPad = "UIInterfaceOrientationPortrait UIInterfaceOrientationPortraitUpsideDown UIInterfaceOrientationLandscapeLeft UIInterfaceOrientationLandscapeRight";
				INFOPLIST_KEY_UISupportedInterfaceOrientations_iPhone = "UIInterfaceOrientationPortrait UIInterfaceOrientationLandscapeLeft UIInterfaceOrientationLandscapeRight";
				LD_RUNPATH_SEARCH_PATHS = (
					"$(inherited)",
					"@executable_path/Frameworks",
				);
				MARKETING_VERSION = 1.0;
				PRODUCT_BUNDLE_IDENTIFIER = "-234.RecipesSwiftUI";
				PRODUCT_NAME = "$(TARGET_NAME)";
				SWIFT_EMIT_LOC_STRINGS = YES;
				SWIFT_VERSION = 5.0;
				TARGETED_DEVICE_FAMILY = "1,2";
			};
			name = Debug;
		};
		06B7867A2A01776000EFA46F /* Release */ = {
			isa = XCBuildConfiguration;
			buildSettings = {
				ASSETCATALOG_COMPILER_APPICON_NAME = AppIcon;
				ASSETCATALOG_COMPILER_GLOBAL_ACCENT_COLOR_NAME = AccentColor;
				CODE_SIGN_STYLE = Automatic;
				CURRENT_PROJECT_VERSION = 1;
				DEVELOPMENT_ASSET_PATHS = "\"RecipesSwiftUI/Preview Content\"";
				DEVELOPMENT_TEAM = 9FGVTTM39Q;
				ENABLE_PREVIEWS = YES;
				GENERATE_INFOPLIST_FILE = YES;
				INFOPLIST_KEY_UIApplicationSceneManifest_Generation = YES;
				INFOPLIST_KEY_UIApplicationSupportsIndirectInputEvents = YES;
				INFOPLIST_KEY_UILaunchScreen_Generation = YES;
				INFOPLIST_KEY_UISupportedInterfaceOrientations_iPad = "UIInterfaceOrientationPortrait UIInterfaceOrientationPortraitUpsideDown UIInterfaceOrientationLandscapeLeft UIInterfaceOrientationLandscapeRight";
				INFOPLIST_KEY_UISupportedInterfaceOrientations_iPhone = "UIInterfaceOrientationPortrait UIInterfaceOrientationLandscapeLeft UIInterfaceOrientationLandscapeRight";
				LD_RUNPATH_SEARCH_PATHS = (
					"$(inherited)",
					"@executable_path/Frameworks",
				);
				MARKETING_VERSION = 1.0;
				PRODUCT_BUNDLE_IDENTIFIER = "-234.RecipesSwiftUI";
				PRODUCT_NAME = "$(TARGET_NAME)";
				SWIFT_EMIT_LOC_STRINGS = YES;
				SWIFT_VERSION = 5.0;
				TARGETED_DEVICE_FAMILY = "1,2";
			};
			name = Release;
		};
		06B7867C2A01776000EFA46F /* Debug */ = {
			isa = XCBuildConfiguration;
			buildSettings = {
				ALWAYS_EMBED_SWIFT_STANDARD_LIBRARIES = YES;
				BUNDLE_LOADER = "$(TEST_HOST)";
				CODE_SIGN_STYLE = Automatic;
				CURRENT_PROJECT_VERSION = 1;
				DEVELOPMENT_TEAM = 9FGVTTM39Q;
				GENERATE_INFOPLIST_FILE = YES;
				IPHONEOS_DEPLOYMENT_TARGET = 15.2;
				MARKETING_VERSION = 1.0;
				PRODUCT_BUNDLE_IDENTIFIER = "-234.RecipesSwiftUITests";
				PRODUCT_NAME = "$(TARGET_NAME)";
				SWIFT_EMIT_LOC_STRINGS = NO;
				SWIFT_VERSION = 5.0;
				TARGETED_DEVICE_FAMILY = "1,2";
				TEST_HOST = "$(BUILT_PRODUCTS_DIR)/RecipesSwiftUI.app/RecipesSwiftUI";
			};
			name = Debug;
		};
		06B7867D2A01776000EFA46F /* Release */ = {
			isa = XCBuildConfiguration;
			buildSettings = {
				ALWAYS_EMBED_SWIFT_STANDARD_LIBRARIES = YES;
				BUNDLE_LOADER = "$(TEST_HOST)";
				CODE_SIGN_STYLE = Automatic;
				CURRENT_PROJECT_VERSION = 1;
				DEVELOPMENT_TEAM = 9FGVTTM39Q;
				GENERATE_INFOPLIST_FILE = YES;
				IPHONEOS_DEPLOYMENT_TARGET = 15.2;
				MARKETING_VERSION = 1.0;
				PRODUCT_BUNDLE_IDENTIFIER = "-234.RecipesSwiftUITests";
				PRODUCT_NAME = "$(TARGET_NAME)";
				SWIFT_EMIT_LOC_STRINGS = NO;
				SWIFT_VERSION = 5.0;
				TARGETED_DEVICE_FAMILY = "1,2";
				TEST_HOST = "$(BUILT_PRODUCTS_DIR)/RecipesSwiftUI.app/RecipesSwiftUI";
			};
			name = Release;
		};
		06B7867F2A01776000EFA46F /* Debug */ = {
			isa = XCBuildConfiguration;
			buildSettings = {
				ALWAYS_EMBED_SWIFT_STANDARD_LIBRARIES = YES;
				CODE_SIGN_STYLE = Automatic;
				CURRENT_PROJECT_VERSION = 1;
				DEVELOPMENT_TEAM = 9FGVTTM39Q;
				GENERATE_INFOPLIST_FILE = YES;
				MARKETING_VERSION = 1.0;
				PRODUCT_BUNDLE_IDENTIFIER = "-234.RecipesSwiftUIUITests";
				PRODUCT_NAME = "$(TARGET_NAME)";
				SWIFT_EMIT_LOC_STRINGS = NO;
				SWIFT_VERSION = 5.0;
				TARGETED_DEVICE_FAMILY = "1,2";
				TEST_TARGET_NAME = RecipesSwiftUI;
			};
			name = Debug;
		};
		06B786802A01776000EFA46F /* Release */ = {
			isa = XCBuildConfiguration;
			buildSettings = {
				ALWAYS_EMBED_SWIFT_STANDARD_LIBRARIES = YES;
				CODE_SIGN_STYLE = Automatic;
				CURRENT_PROJECT_VERSION = 1;
				DEVELOPMENT_TEAM = 9FGVTTM39Q;
				GENERATE_INFOPLIST_FILE = YES;
				MARKETING_VERSION = 1.0;
				PRODUCT_BUNDLE_IDENTIFIER = "-234.RecipesSwiftUIUITests";
				PRODUCT_NAME = "$(TARGET_NAME)";
				SWIFT_EMIT_LOC_STRINGS = NO;
				SWIFT_VERSION = 5.0;
				TARGETED_DEVICE_FAMILY = "1,2";
				TEST_TARGET_NAME = RecipesSwiftUI;
			};
			name = Release;
		};
/* End XCBuildConfiguration section */

/* Begin XCConfigurationList section */
		06B7864F2A01775000EFA46F /* Build configuration list for PBXProject "RecipesSwiftUI" */ = {
			isa = XCConfigurationList;
			buildConfigurations = (
				06B786762A01776000EFA46F /* Debug */,
				06B786772A01776000EFA46F /* Release */,
			);
			defaultConfigurationIsVisible = 0;
			defaultConfigurationName = Release;
		};
		06B786782A01776000EFA46F /* Build configuration list for PBXNativeTarget "RecipesSwiftUI" */ = {
			isa = XCConfigurationList;
			buildConfigurations = (
				06B786792A01776000EFA46F /* Debug */,
				06B7867A2A01776000EFA46F /* Release */,
			);
			defaultConfigurationIsVisible = 0;
			defaultConfigurationName = Release;
		};
		06B7867B2A01776000EFA46F /* Build configuration list for PBXNativeTarget "RecipesSwiftUITests" */ = {
			isa = XCConfigurationList;
			buildConfigurations = (
				06B7867C2A01776000EFA46F /* Debug */,
				06B7867D2A01776000EFA46F /* Release */,
			);
			defaultConfigurationIsVisible = 0;
			defaultConfigurationName = Release;
		};
		06B7867E2A01776000EFA46F /* Build configuration list for PBXNativeTarget "RecipesSwiftUIUITests" */ = {
			isa = XCConfigurationList;
			buildConfigurations = (
				06B7867F2A01776000EFA46F /* Debug */,
				06B786802A01776000EFA46F /* Release */,
			);
			defaultConfigurationIsVisible = 0;
			defaultConfigurationName = Release;
		};
/* End XCConfigurationList section */
	};
	rootObject = 06B7864C2A01775000EFA46F /* Project object */;
}
